Microsoft Visual Studio Solution File, Format Version 12.00
# Visual Studio Version 17
VisualStudioVersion = 17.5.2.0
MinimumVisualStudioVersion = 10.0.40219.1
Project("{FAE04EC0-301F-11D3-BF4B-00C04F79EFBC}") = "MessageSender", "MessageSender\MessageSender.csproj", "{9F1461C2-46CB-0707-943F-87234CCDBE9F}"
EndProject
Global
	GlobalSection(SolutionConfigurationPlatforms) = preSolution
		Debug|Any CPU = Debug|Any CPU
		Release|Any CPU = Release|Any CPU
	EndGlobalSection
	GlobalSection(ProjectConfigurationPlatforms) = postSolution
		{9F1461C2-46CB-0707-943F-87234CCDBE9F}.Debug|Any CPU.ActiveCfg = Debug|Any CPU
		{9F1461C2-46CB-0707-943F-87234CCDBE9F}.Debug|Any CPU.Build.0 = Debug|Any CPU
		{9F1461C2-46CB-0707-943F-87234CCDBE9F}.Release|Any CPU.ActiveCfg = Release|Any CPU
		{9F1461C2-46CB-0707-943F-87234CCDBE9F}.Release|Any CPU.Build.0 = Release|Any CPU
	EndGlobalSection
	GlobalSection(SolutionProperties) = preSolution
		HideSolutionNode = FALSE
	EndGlobalSection
	GlobalSection(ExtensibilityGlobals) = postSolution
		SolutionGuid = {863E3E19-93F1-42F1-92A2-560F23E2A649}
	EndGlobalSection
EndGlobal
